<?xml version="1.0" encoding="UTF-8"?>
<CONFIG>
  <ProjectOptions>
    <Version Value="12"/>
    <General>
      <Title Value="Morse Machine"/>
      <Scaled Value="True"/>
      <UseXPManifest Value="True"/>
      <XPManifest>
        <DpiAware Value="True"/>
        <LongPathAware Value="True"/>
        <AnsiUTF8 Value="True"/>
        <TextName Value="Morse Machine"/>
        <TextDesc Value="A Fully Automatic Morse Code Teaching Machine"/>
      </XPManifest>
    </General>
    <VersionInfo>
      <UseVersionInfo Value="True"/>
      <AutoIncrementBuild Value="True"/>
      <MajorVersionNr Value="1"/>
      <MinorVersionNr Value="1"/>
      <BuildNr Value="58"/>
      <CharSet Value="04B0"/>
      <Attributes pvaPreRelease="True"/>
    </VersionInfo>
    <BuildModes Active="Release">
      <Item Name="Debug" Default="True"/>
      <Item Name="Release">
        <CompilerOptions>
          <Version Value="11"/>
          <SearchPaths>
            <IncludeFiles Value="$(ProjOutDir)"/>
          </SearchPaths>
          <CodeGeneration>
            <SmartLinkUnit Value="True"/>
            <Optimizations>
              <OptimizationLevel Value="3"/>
            </Optimizations>
          </CodeGeneration>
          <Linking>
            <Debugging>
              <GenerateDebugInfo Value="False"/>
              <StripSymbols Value="True"/>
            </Debugging>
            <LinkSmart Value="True"/>
            <Options>
              <Win32>
                <GraphicApplication Value="True"/>
              </Win32>
            </Options>
          </Linking>
        </CompilerOptions>
      </Item>
    </BuildModes>
    <ManyBuildModesSelection Value="Debug,Release"/>
    <PublishOptions>
      <Version Value="2"/>
    </PublishOptions>
    <RunParams>
      <FormatVersion Value="2"/>
    </RunParams>
    <RequiredPackages>
      <Item>
        <PackageName Value="LCL"/>
      </Item>
    </RequiredPackages>
    <Units>
      <Unit>
        <Filename Value="mmachine.lpr"/>
        <IsPartOfProject Value="True"/>
        <EditorIndex Value="1"/>
        <CursorPos X="10" Y="15"/>
        <UsageCount Value="187"/>
        <Loaded Value="True"/>
      </Unit>
      <Unit>
        <Filename Value="main.pas"/>
        <IsPartOfProject Value="True"/>
        <ComponentName Value="frmMain"/>
        <HasResources Value="True"/>
        <ResourceBaseClass Value="Form"/>
        <IsVisibleTab Value="True"/>
        <TopLine Value="552"/>
        <CursorPos X="56" Y="566"/>
        <UsageCount Value="186"/>
        <Loaded Value="True"/>
        <LoadedDesigner Value="True"/>
      </Unit>
      <Unit>
        <Filename Value="codechars.pas"/>
        <IsPartOfProject Value="True"/>
        <EditorIndex Value="3"/>
        <CursorPos X="62" Y="18"/>
        <UsageCount Value="165"/>
        <Loaded Value="True"/>
      </Unit>
      <Unit>
        <Filename Value="config.pas"/>
        <IsPartOfProject Value="True"/>
        <EditorIndex Value="4"/>
        <TopLine Value="80"/>
        <CursorPos X="105" Y="13"/>
        <UsageCount Value="165"/>
        <Loaded Value="True"/>
      </Unit>
      <Unit>
        <Filename Value="mmErrMsg.pas"/>
        <IsPartOfProject Value="True"/>
        <EditorIndex Value="2"/>
        <CursorPos X="66" Y="92"/>
        <UsageCount Value="165"/>
        <Loaded Value="True"/>
      </Unit>
      <Unit>
        <Filename Value="main.lfm"/>
        <EditorIndex Value="-1"/>
        <UsageCount Value="9"/>
        <DefaultSyntaxHighlighter Value="LFM"/>
      </Unit>
      <Unit>
        <Filename Value="../../../../../lazarus/fpc/3.2.2/source/packages/winunits-base/src/mmsystem.pp"/>
        <UnitName Value="MMSystem"/>
        <EditorIndex Value="-1"/>
        <TopLine Value="984"/>
        <CursorPos X="65" Y="1010"/>
        <UsageCount Value="14"/>
      </Unit>
      <Unit>
        <Filename Value="../../../../../lazarus/components/lclextensions/include/qt5/uses.inc"/>
        <EditorIndex Value="-1"/>
        <CursorPos X="39"/>
        <UsageCount Value="10"/>
      </Unit>
      <Unit>
        <Filename Value="../../../../../lazarus/components/lclextensions/delphicompat.pas"/>
        <UnitName Value="DelphiCompat"/>
        <EditorIndex Value="-1"/>
        <TopLine Value="119"/>
        <CursorPos X="2" Y="137"/>
        <UsageCount Value="10"/>
      </Unit>
      <Unit>
        <Filename Value="../../../../../lazarus/components/lclextensions/include/win32/uses.inc"/>
        <EditorIndex Value="-1"/>
        <UsageCount Value="10"/>
      </Unit>
    </Units>
    <JumpHistory HistoryIndex="28">
      <Position>
        <Filename Value="main.pas"/>
        <Caret Line="10" Column="74"/>
      </Position>
      <Position>
        <Filename Value="main.pas"/>
        <Caret Line="213" Column="49" TopLine="195"/>
      </Position>
      <Position>
        <Filename Value="main.pas"/>
        <Caret Line="288" Column="24" TopLine="270"/>
      </Position>
      <Position>
        <Filename Value="mmachine.lpr"/>
        <Caret Line="13" Column="69"/>
      </Position>
      <Position>
        <Filename Value="main.pas"/>
        <Caret Line="290" Column="83" TopLine="270"/>
      </Position>
      <Position>
        <Filename Value="config.pas"/>
        <Caret Line="3" Column="50"/>
      </Position>
      <Position>
        <Filename Value="main.pas"/>
        <Caret Line="288" Column="51" TopLine="254"/>
      </Position>
      <Position>
        <Filename Value="main.pas"/>
        <Caret Line="284" Column="75" TopLine="267"/>
      </Position>
      <Position>
        <Filename Value="main.pas"/>
        <Caret Line="207" Column="5" TopLine="190"/>
      </Position>
      <Position>
        <Filename Value="main.pas"/>
        <Caret Line="205" Column="7" TopLine="190"/>
      </Position>
      <Position>
        <Filename Value="main.pas"/>
        <Caret Line="608" Column="5" TopLine="590"/>
      </Position>
      <Position>
        <Filename Value="main.pas"/>
        <Caret Line="210" TopLine="192"/>
      </Position>
      <Position>
        <Filename Value="main.pas"/>
        <Caret Line="603" TopLine="585"/>
      </Position>
      <Position>
        <Filename Value="main.pas"/>
      </Position>
      <Position>
        <Filename Value="main.pas"/>
        <Caret Line="208" Column="6" TopLine="190"/>
      </Position>
      <Position>
        <Filename Value="main.pas"/>
        <Caret Line="207" Column="11" TopLine="189"/>
      </Position>
      <Position>
        <Filename Value="main.pas"/>
        <Caret Line="285" Column="19" TopLine="267"/>
      </Position>
      <Position>
        <Filename Value="main.pas"/>
        <Caret Line="284" Column="81" TopLine="267"/>
      </Position>
      <Position>
        <Filename Value="main.pas"/>
        <Caret Line="605" Column="48" TopLine="600"/>
      </Position>
      <Position>
        <Filename Value="main.pas"/>
        <Caret Line="617" Column="24" TopLine="599"/>
      </Position>
      <Position>
        <Filename Value="main.pas"/>
        <Caret Line="550" Column="56" TopLine="530"/>
      </Position>
      <Position>
        <Filename Value="mmachine.lpr"/>
        <Caret Line="24" Column="41"/>
      </Position>
      <Position>
        <Filename Value="mmErrMsg.pas"/>
        <Caret Line="19" Column="9" TopLine="4"/>
      </Position>
      <Position>
        <Filename Value="main.pas"/>
        <Caret Line="662" Column="28" TopLine="641"/>
      </Position>
      <Position>
        <Filename Value="main.pas"/>
        <Caret Line="570" Column="22" TopLine="552"/>
      </Position>
      <Position>
        <Filename Value="main.pas"/>
        <Caret Line="624" Column="18" TopLine="594"/>
      </Position>
      <Position>
        <Filename Value="main.pas"/>
        <Caret Line="640" Column="18" TopLine="610"/>
      </Position>
      <Position>
        <Filename Value="main.pas"/>
        <Caret Line="670" Column="11" TopLine="640"/>
      </Position>
      <Position>
        <Filename Value="main.pas"/>
        <Caret Line="687" Column="11" TopLine="657"/>
      </Position>
    </JumpHistory>
  </ProjectOptions>
  <CompilerOptions>
    <Version Value="11"/>
    <SearchPaths>
      <IncludeFiles Value="$(ProjOutDir)"/>
    </SearchPaths>
    <Parsing>
      <SyntaxOptions>
        <IncludeAssertionCode Value="True"/>
      </SyntaxOptions>
    </Parsing>
    <CodeGeneration>
      <Checks>
        <IOChecks Value="True"/>
        <RangeChecks Value="True"/>
        <OverflowChecks Value="True"/>
        <StackChecks Value="True"/>
      </Checks>
      <VerifyObjMethodCallValidity Value="True"/>
      <TargetProcessor Value="pentiumm"/>
      <TargetCPU Value="i386"/>
      <TargetOS Value="win32"/>
      <Optimizations>
        <OptimizationLevel Value="0"/>
      </Optimizations>
    </CodeGeneration>
    <Linking>
      <Debugging>
        <DebugInfoType Value="dsDwarf3"/>
        <UseHeaptrc Value="True"/>
        <TrashVariables Value="True"/>
        <UseExternalDbgSyms Value="True"/>
      </Debugging>
      <Options>
        <Win32>
          <GraphicApplication Value="True"/>
        </Win32>
      </Options>
    </Linking>
  </CompilerOptions>
</CONFIG>
